
Microsoft Visual Studio Solution File, Format Version 12.00
# Visual Studio Version 17
VisualStudioVersion = 17.10.35122.118
MinimumVisualStudioVersion = 10.0.40219.1
Project("{FAE04EC0-301F-11D3-BF4B-00C04F79EFBC}") = "SignOfProduct", "SignOfProduct\SignOfProduct.csproj", "{3CD6290B-CD39-42AC-9D6B-7D42EE35869A}"
EndProject
Project("{FAE04EC0-301F-11D3-BF4B-00C04F79EFBC}") = "SignOfProductTests", "SignOfProductTests\SignOfProductTests.csproj", "{581FA967-679F-4D92-94EF-CC01524EA999}"
EndProject
Global
	GlobalSection(SolutionConfigurationPlatforms) = preSolution
		Debug|Any CPU = Debug|Any CPU
		Release|Any CPU = Release|Any CPU
	EndGlobalSection
	GlobalSection(ProjectConfigurationPlatforms) = postSolution
		{3CD6290B-CD39-42AC-9D6B-7D42EE35869A}.Debug|Any CPU.ActiveCfg = Debug|Any CPU
		{3CD6290B-CD39-42AC-9D6B-7D42EE35869A}.Debug|Any CPU.Build.0 = Debug|Any CPU
		{3CD6290B-CD39-42AC-9D6B-7D42EE35869A}.Release|Any CPU.ActiveCfg = Release|Any CPU
		{3CD6290B-CD39-42AC-9D6B-7D42EE35869A}.Release|Any CPU.Build.0 = Release|Any CPU
		{581FA967-679F-4D92-94EF-CC01524EA999}.Debug|Any CPU.ActiveCfg = Debug|Any CPU
		{581FA967-679F-4D92-94EF-CC01524EA999}.Debug|Any CPU.Build.0 = Debug|Any CPU
		{581FA967-679F-4D92-94EF-CC01524EA999}.Release|Any CPU.ActiveCfg = Release|Any CPU
		{581FA967-679F-4D92-94EF-CC01524EA999}.Release|Any CPU.Build.0 = Release|Any CPU
	EndGlobalSection
	GlobalSection(SolutionProperties) = preSolution
		HideSolutionNode = FALSE
	EndGlobalSection
	GlobalSection(ExtensibilityGlobals) = postSolution
		SolutionGuid = {C595EBC0-7C20-4F53-A4A0-6AED0CFC7A33}
	EndGlobalSection
EndGlobal
